// !$*UTF8*$!
{
	archiveVersion = 1;
	classes = {
	};
	objectVersion = 50;
	objects = {

/* Begin PBXBuildFile section */
		DB56FBF0255AAB890090524F /* AnyView.swift in Sources */ = {isa = PBXBuildFile; fileRef = DB56FBEF255AAB890090524F /* AnyView.swift */; };
		DB9AD630255491CC008CCD55 /* AppDelegate.swift in Sources */ = {isa = PBXBuildFile; fileRef = DB9AD62F255491CC008CCD55 /* AppDelegate.swift */; };
		DB9AD632255491CC008CCD55 /* ContentView.swift in Sources */ = {isa = PBXBuildFile; fileRef = DB9AD631255491CC008CCD55 /* ContentView.swift */; };
		DB9AD634255491CE008CCD55 /* Assets.xcassets in Resources */ = {isa = PBXBuildFile; fileRef = DB9AD633255491CE008CCD55 /* Assets.xcassets */; };
		DB9AD637255491CE008CCD55 /* Preview Assets.xcassets in Resources */ = {isa = PBXBuildFile; fileRef = DB9AD636255491CE008CCD55 /* Preview Assets.xcassets */; };
		DB9AD63A255491CE008CCD55 /* Main.storyboard in Resources */ = {isa = PBXBuildFile; fileRef = DB9AD638255491CE008CCD55 /* Main.storyboard */; };
		DB9AD64425549412008CCD55 /* PlayerView.swift in Sources */ = {isa = PBXBuildFile; fileRef = DB9AD64325549412008CCD55 /* PlayerView.swift */; };
/* End PBXBuildFile section */

/* Begin PBXFileReference section */
		DB56FBEF255AAB890090524F /* AnyView.swift */ = {isa = PBXFileReference; fileEncoding = 4; lastKnownFileType = sourcecode.swift; path = AnyView.swift; sourceTree = "<group>"; };
		DB9AD62C255491CC008CCD55 /* TermPlug.app */ = {isa = PBXFileReference; explicitFileType = wrapper.application; includeInIndex = 0; path = TermPlug.app; sourceTree = BUILT_PRODUCTS_DIR; };
		DB9AD62F255491CC008CCD55 /* AppDelegate.swift */ = {isa = PBXFileReference; lastKnownFileType = sourcecode.swift; path = AppDelegate.swift; sourceTree = "<group>"; };
		DB9AD631255491CC008CCD55 /* ContentView.swift */ = {isa = PBXFileReference; lastKnownFileType = sourcecode.swift; path = ContentView.swift; sourceTree = "<group>"; };
		DB9AD633255491CE008CCD55 /* Assets.xcassets */ = {isa = PBXFileReference; lastKnownFileType = folder.assetcatalog; path = Assets.xcassets; sourceTree = "<group>"; };
		DB9AD636255491CE008CCD55 /* Preview Assets.xcassets */ = {isa = PBXFileReference; lastKnownFileType = folder.assetcatalog; path = "Preview Assets.xcassets"; sourceTree = "<group>"; };
		DB9AD639255491CE008CCD55 /* Base */ = {isa = PBXFileReference; lastKnownFileType = file.storyboard; name = Base; path = Base.lproj/Main.storyboard; sourceTree = "<group>"; };
		DB9AD63B255491CE008CCD55 /* Info.plist */ = {isa = PBXFileReference; lastKnownFileType = text.plist.xml; path = Info.plist; sourceTree = "<group>"; };
		DB9AD63C255491CE008CCD55 /* TermPlug.entitlements */ = {isa = PBXFileReference; lastKnownFileType = text.plist.entitlements; path = TermPlug.entitlements; sourceTree = "<group>"; };
		DB9AD64325549412008CCD55 /* PlayerView.swift */ = {isa = PBXFileReference; fileEncoding = 4; lastKnownFileType = sourcecode.swift; path = PlayerView.swift; sourceTree = "<group>"; };
/* End PBXFileReference section */

/* Begin PBXFrameworksBuildPhase section */
		DB9AD629255491CC008CCD55 /* Frameworks */ = {
			isa = PBXFrameworksBuildPhase;
			buildActionMask = 2147483647;
			files = (
			);
			runOnlyForDeploymentPostprocessing = 0;
		};
/* End PBXFrameworksBuildPhase section */

/* Begin PBXGroup section */
		DB9AD623255491CC008CCD55 = {
			isa = PBXGroup;
			children = (
				DB9AD62E255491CC008CCD55 /* TermPlug */,
				DB9AD62D255491CC008CCD55 /* Products */,
			);
			sourceTree = "<group>";
		};
		DB9AD62D255491CC008CCD55 /* Products */ = {
			isa = PBXGroup;
			children = (
				DB9AD62C255491CC008CCD55 /* TermPlug.app */,
			);
			name = Products;
			sourceTree = "<group>";
		};
		DB9AD62E255491CC008CCD55 /* TermPlug */ = {
			isa = PBXGroup;
			children = (
				DB56FBEF255AAB890090524F /* AnyView.swift */,
				DB9AD64325549412008CCD55 /* PlayerView.swift */,
				DB9AD62F255491CC008CCD55 /* AppDelegate.swift */,
				DB9AD631255491CC008CCD55 /* ContentView.swift */,
				DB9AD633255491CE008CCD55 /* Assets.xcassets */,
				DB9AD638255491CE008CCD55 /* Main.storyboard */,
				DB9AD63B255491CE008CCD55 /* Info.plist */,
				DB9AD63C255491CE008CCD55 /* TermPlug.entitlements */,
				DB9AD635255491CE008CCD55 /* Preview Content */,
			);
			path = TermPlug;
			sourceTree = "<group>";
		};
		DB9AD635255491CE008CCD55 /* Preview Content */ = {
			isa = PBXGroup;
			children = (
				DB9AD636255491CE008CCD55 /* Preview Assets.xcassets */,
			);
			path = "Preview Content";
			sourceTree = "<group>";
		};
/* End PBXGroup section */

/* Begin PBXNativeTarget section */
		DB9AD62B255491CC008CCD55 /* TermPlug */ = {
			isa = PBXNativeTarget;
			buildConfigurationList = DB9AD63F255491CE008CCD55 /* Build configuration list for PBXNativeTarget "TermPlug" */;
			buildPhases = (
				DB9AD628255491CC008CCD55 /* Sources */,
				DB9AD629255491CC008CCD55 /* Frameworks */,
				DB9AD62A255491CC008CCD55 /* Resources */,
			);
			buildRules = (
			);
			dependencies = (
			);
			name = TermPlug;
			productName = TermPlug;
			productReference = DB9AD62C255491CC008CCD55 /* TermPlug.app */;
			productType = "com.apple.product-type.application";
		};
/* End PBXNativeTarget section */

/* Begin PBXProject section */
		DB9AD624255491CC008CCD55 /* Project object */ = {
			isa = PBXProject;
			attributes = {
				LastSwiftUpdateCheck = 1210;
				LastUpgradeCheck = 1210;
				TargetAttributes = {
					DB9AD62B255491CC008CCD55 = {
						CreatedOnToolsVersion = 12.1;
					};
				};
			};
			buildConfigurationList = DB9AD627255491CC008CCD55 /* Build configuration list for PBXProject "TermPlug" */;
			compatibilityVersion = "Xcode 9.3";
			developmentRegion = en;
			hasScannedForEncodings = 0;
			knownRegions = (
				en,
				Base,
			);
			mainGroup = DB9AD623255491CC008CCD55;
			productRefGroup = DB9AD62D255491CC008CCD55 /* Products */;
			projectDirPath = "";
			projectRoot = "";
			targets = (
				DB9AD62B255491CC008CCD55 /* TermPlug */,
			);
		};
/* End PBXProject section */

/* Begin PBXResourcesBuildPhase section */
		DB9AD62A255491CC008CCD55 /* Resources */ = {
			isa = PBXResourcesBuildPhase;
			buildActionMask = 2147483647;
			files = (
				DB9AD63A255491CE008CCD55 /* Main.storyboard in Resources */,
				DB9AD637255491CE008CCD55 /* Preview Assets.xcassets in Resources */,
				DB9AD634255491CE008CCD55 /* Assets.xcassets in Resources */,
			);
			runOnlyForDeploymentPostprocessing = 0;
		};
/* End PBXResourcesBuildPhase section */

/* Begin PBXSourcesBuildPhase section */
		DB9AD628255491CC008CCD55 /* Sources */ = {
			isa = PBXSourcesBuildPhase;
			buildActionMask = 2147483647;
			files = (
				DB9AD64425549412008CCD55 /* PlayerView.swift in Sources */,
				DB9AD632255491CC008CCD55 /* ContentView.swift in Sources */,
				DB9AD630255491CC008CCD55 /* AppDelegate.swift in Sources */,
				DB56FBF0255AAB890090524F /* AnyView.swift in Sources */,
			);
			runOnlyForDeploymentPostprocessing = 0;
		};
/* End PBXSourcesBuildPhase section */

/* Begin PBXVariantGroup section */
		DB9AD638255491CE008CCD55 /* Main.storyboard */ = {
			isa = PBXVariantGroup;
			children = (
				DB9AD639255491CE008CCD55 /* Base */,
			);
			name = Main.storyboard;
			sourceTree = "<group>";
		};
/* End PBXVariantGroup section */

/* Begin XCBuildConfiguration section */
		DB9AD63D255491CE008CCD55 /* Debug */ = {
			isa = XCBuildConfiguration;
			buildSettings = {
				ALWAYS_SEARCH_USER_PATHS = NO;
				CLANG_ANALYZER_NONNULL = YES;
				CLANG_ANALYZER_NUMBER_OBJECT_CONVERSION = YES_AGGRESSIVE;
				CLANG_CXX_LANGUAGE_STANDARD = "gnu++14";
				CLANG_CXX_LIBRARY = "libc++";
				CLANG_ENABLE_MODULES = YES;
				CLANG_ENABLE_OBJC_ARC = YES;
				CLANG_ENABLE_OBJC_WEAK = YES;
				CLANG_WARN_BLOCK_CAPTURE_AUTORELEASING = YES;
				CLANG_WARN_BOOL_CONVERSION = YES;
				CLANG_WARN_COMMA = YES;
				CLANG_WARN_CONSTANT_CONVERSION = YES;
				CLANG_WARN_DEPRECATED_OBJC_IMPLEMENTATIONS = YES;
				CLANG_WARN_DIRECT_OBJC_ISA_USAGE = YES_ERROR;
				CLANG_WARN_DOCUMENTATION_COMMENTS = YES;
				CLANG_WARN_EMPTY_BODY = YES;
				CLANG_WARN_ENUM_CONVERSION = YES;
				CLANG_WARN_INFINITE_RECURSION = YES;
				CLANG_WARN_INT_CONVERSION = YES;
				CLANG_WARN_NON_LITERAL_NULL_CONVERSION = YES;
				CLANG_WARN_OBJC_IMPLICIT_RETAIN_SELF = YES;
				CLANG_WARN_OBJC_LITERAL_CONVERSION = YES;
				CLANG_WARN_OBJC_ROOT_CLASS = YES_ERROR;
				CLANG_WARN_QUOTED_INCLUDE_IN_FRAMEWORK_HEADER = YES;
				CLANG_WARN_RANGE_LOOP_ANALYSIS = YES;
				CLANG_WARN_STRICT_PROTOTYPES = YES;
				CLANG_WARN_SUSPICIOUS_MOVE = YES;
				CLANG_WARN_UNGUARDED_AVAILABILITY = YES_AGGRESSIVE;
				CLANG_WARN_UNREACHABLE_CODE = YES;
				CLANG_WARN__DUPLICATE_METHOD_MATCH = YES;
				COPY_PHASE_STRIP = NO;
				DEBUG_INFORMATION_FORMAT = dwarf;
				ENABLE_STRICT_OBJC_MSGSEND = YES;
				ENABLE_TESTABILITY = YES;
				GCC_C_LANGUAGE_STANDARD = gnu11;
				GCC_DYNAMIC_NO_PIC = NO;
				GCC_NO_COMMON_BLOCKS = YES;
				GCC_OPTIMIZATION_LEVEL = 0;
				GCC_PREPROCESSOR_DEFINITIONS = (
					"DEBUG=1",
					"$(inherited)",
				);
				GCC_WARN_64_TO_32_BIT_CONVERSION = YES;
				GCC_WARN_ABOUT_RETURN_TYPE = YES_ERROR;
				GCC_WARN_UNDECLARED_SELECTOR = YES;
				GCC_WARN_UNINITIALIZED_AUTOS = YES_AGGRESSIVE;
				GCC_WARN_UNUSED_FUNCTION = YES;
				GCC_WARN_UNUSED_VARIABLE = YES;
				MACOSX_DEPLOYMENT_TARGET = 10.15;
				MTL_ENABLE_DEBUG_INFO = INCLUDE_SOURCE;
				MTL_FAST_MATH = YES;
				ONLY_ACTIVE_ARCH = YES;
				SDKROOT = macosx;
				SWIFT_ACTIVE_COMPILATION_CONDITIONS = DEBUG;
				SWIFT_OPTIMIZATION_LEVEL = "-Onone";
			};
			name = Debug;
		};
		DB9AD63E255491CE008CCD55 /* Release */ = {
			isa = XCBuildConfiguration;
			buildSettings = {
				ALWAYS_SEARCH_USER_PATHS = NO;
				CLANG_ANALYZER_NONNULL = YES;
				CLANG_ANALYZER_NUMBER_OBJECT_CONVERSION = YES_AGGRESSIVE;
				CLANG_CXX_LANGUAGE_STANDARD = "gnu++14";
				CLANG_CXX_LIBRARY = "libc++";
				CLANG_ENABLE_MODULES = YES;
				CLANG_ENABLE_OBJC_ARC = YES;
				CLANG_ENABLE_OBJC_WEAK = YES;
				CLANG_WARN_BLOCK_CAPTURE_AUTORELEASING = YES;
				CLANG_WARN_BOOL_CONVERSION = YES;
				CLANG_WARN_COMMA = YES;
				CLANG_WARN_CONSTANT_CONVERSION = YES;
				CLANG_WARN_DEPRECATED_OBJC_IMPLEMENTATIONS = YES;
				CLANG_WARN_DIRECT_OBJC_ISA_USAGE = YES_ERROR;
				CLANG_WARN_DOCUMENTATION_COMMENTS = YES;
				CLANG_WARN_EMPTY_BODY = YES;
				CLANG_WARN_ENUM_CONVERSION = YES;
				CLANG_WARN_INFINITE_RECURSION = YES;
				CLANG_WARN_INT_CONVERSION = YES;
				CLANG_WARN_NON_LITERAL_NULL_CONVERSION = YES;
				CLANG_WARN_OBJC_IMPLICIT_RETAIN_SELF = YES;
				CLANG_WARN_OBJC_LITERAL_CONVERSION = YES;
				CLANG_WARN_OBJC_ROOT_CLASS = YES_ERROR;
				CLANG_WARN_QUOTED_INCLUDE_IN_FRAMEWORK_HEADER = YES;
				CLANG_WARN_RANGE_LOOP_ANALYSIS = YES;
				CLANG_WARN_STRICT_PROTOTYPES = YES;
				CLANG_WARN_SUSPICIOUS_MOVE = YES;
				CLANG_WARN_UNGUARDED_AVAILABILITY = YES_AGGRESSIVE;
				CLANG_WARN_UNREACHABLE_CODE = YES;
				CLANG_WARN__DUPLICATE_METHOD_MATCH = YES;
				COPY_PHASE_STRIP = NO;
				DEBUG_INFORMATION_FORMAT = "dwarf-with-dsym";
				ENABLE_NS_ASSERTIONS = NO;
				ENABLE_STRICT_OBJC_MSGSEND = YES;
				GCC_C_LANGUAGE_STANDARD = gnu11;
				GCC_NO_COMMON_BLOCKS = YES;
				GCC_WARN_64_TO_32_BIT_CONVERSION = YES;
				GCC_WARN_ABOUT_RETURN_TYPE = YES_ERROR;
				GCC_WARN_UNDECLARED_SELECTOR = YES;
				GCC_WARN_UNINITIALIZED_AUTOS = YES_AGGRESSIVE;
				GCC_WARN_UNUSED_FUNCTION = YES;
				GCC_WARN_UNUSED_VARIABLE = YES;
				MACOSX_DEPLOYMENT_TARGET = 10.15;
				MTL_ENABLE_DEBUG_INFO = NO;
				MTL_FAST_MATH = YES;
				SDKROOT = macosx;
				SWIFT_COMPILATION_MODE = wholemodule;
				SWIFT_OPTIMIZATION_LEVEL = "-O";
			};
			name = Release;
		};
		DB9AD640255491CE008CCD55 /* Debug */ = {
			isa = XCBuildConfiguration;
			buildSettings = {
				ASSETCATALOG_COMPILER_APPICON_NAME = AppIcon;
				ASSETCATALOG_COMPILER_GLOBAL_ACCENT_COLOR_NAME = AccentColor;
				CODE_SIGN_ENTITLEMENTS = TermPlug/TermPlug.entitlements;
				CODE_SIGN_STYLE = Automatic;
				COMBINE_HIDPI_IMAGES = YES;
				DEVELOPMENT_ASSET_PATHS = "\"TermPlug/Preview Content\"";
				ENABLE_PREVIEWS = YES;
				INFOPLIST_FILE = TermPlug/Info.plist;
				LD_RUNPATH_SEARCH_PATHS = (
					"$(inherited)",
					"@executable_path/../Frameworks",
				);
				MACOSX_DEPLOYMENT_TARGET = 10.15;
				PRODUCT_BUNDLE_IDENTIFIER = laktak.TermPlug;
				PRODUCT_NAME = "$(TARGET_NAME)";
				SWIFT_VERSION = 5.0;
			};
			name = Debug;
		};
		DB9AD641255491CE008CCD55 /* Release */ = {
			isa = XCBuildConfiguration;
			buildSettings = {
				ASSETCATALOG_COMPILER_APPICON_NAME = AppIcon;
				ASSETCATALOG_COMPILER_GLOBAL_ACCENT_COLOR_NAME = AccentColor;
				CODE_SIGN_ENTITLEMENTS = TermPlug/TermPlug.entitlements;
				CODE_SIGN_STYLE = Automatic;
				COMBINE_HIDPI_IMAGES = YES;
				DEVELOPMENT_ASSET_PATHS = "\"TermPlug/Preview Content\"";
				ENABLE_PREVIEWS = YES;
				INFOPLIST_FILE = TermPlug/Info.plist;
				LD_RUNPATH_SEARCH_PATHS = (
					"$(inherited)",
					"@executable_path/../Frameworks",
				);
				MACOSX_DEPLOYMENT_TARGET = 10.15;
				PRODUCT_BUNDLE_IDENTIFIER = laktak.TermPlug;
				PRODUCT_NAME = "$(TARGET_NAME)";
				SWIFT_VERSION = 5.0;
			};
			name = Release;
		};
/* End XCBuildConfiguration section */

/* Begin XCConfigurationList section */
		DB9AD627255491CC008CCD55 /* Build configuration list for PBXProject "TermPlug" */ = {
			isa = XCConfigurationList;
			buildConfigurations = (
				DB9AD63D255491CE008CCD55 /* Debug */,
				DB9AD63E255491CE008CCD55 /* Release */,
			);
			defaultConfigurationIsVisible = 0;
			defaultConfigurationName = Release;
		};
		DB9AD63F255491CE008CCD55 /* Build configuration list for PBXNativeTarget "TermPlug" */ = {
			isa = XCConfigurationList;
			buildConfigurations = (
				DB9AD640255491CE008CCD55 /* Debug */,
				DB9AD641255491CE008CCD55 /* Release */,
			);
			defaultConfigurationIsVisible = 0;
			defaultConfigurationName = Release;
		};
/* End XCConfigurationList section */
	};
	rootObject = DB9AD624255491CC008CCD55 /* Project object */;
}
